
Microsoft Visual Studio Solution File, Format Version 12.00
# Visual Studio Version 17
VisualStudioVersion = 17.2.32630.192
MinimumVisualStudioVersion = 10.0.40219.1
Project("{FAE04EC0-301F-11D3-BF4B-00C04F79EFBC}") = "ConsoleApp1Sol", "ConsoleApp1Sol.csproj", "{8AEA989B-F4C9-4332-A091-DF43236592FE}"
EndProject
Global
	GlobalSection(SolutionConfigurationPlatforms) = preSolution
		Debug|Any CPU = Debug|Any CPU
		Release|Any CPU = Release|Any CPU
	EndGlobalSection
	GlobalSection(ProjectConfigurationPlatforms) = postSolution
		{8AEA989B-F4C9-4332-A091-DF43236592FE}.Debug|Any CPU.ActiveCfg = Debug|Any CPU
		{8AEA989B-F4C9-4332-A091-DF43236592FE}.Debug|Any CPU.Build.0 = Debug|Any CPU
		{8AEA989B-F4C9-4332-A091-DF43236592FE}.Release|Any CPU.ActiveCfg = Release|Any CPU
		{8AEA989B-F4C9-4332-A091-DF43236592FE}.Release|Any CPU.Build.0 = Release|Any CPU
	EndGlobalSection
	GlobalSection(SolutionProperties) = preSolution
		HideSolutionNode = FALSE
	EndGlobalSection
	GlobalSection(ExtensibilityGlobals) = postSolution
		SolutionGuid = {14642D85-F4E5-4F6D-ADEA-37F9DAFB1078}
	EndGlobalSection
EndGlobal
